
Microsoft Visual Studio Solution File, Format Version 12.00
# Visual Studio Version 16
VisualStudioVersion = 16.0.30907.101
MinimumVisualStudioVersion = 10.0.40219.1
Project("{FAE04EC0-301F-11D3-BF4B-00C04F79EFBC}") = "AdminPowers", "AdminPowers.csproj", "{A95DE89B-5C14-4830-B4B6-C93090AC5294}"
EndProject
Global
	GlobalSection(SolutionConfigurationPlatforms) = preSolution
		Debug|Any CPU = Debug|Any CPU
		Release|Any CPU = Release|Any CPU
	EndGlobalSection
	GlobalSection(ProjectConfigurationPlatforms) = postSolution
		{A95DE89B-5C14-4830-B4B6-C93090AC5294}.Debug|Any CPU.ActiveCfg = Debug|Any CPU
		{A95DE89B-5C14-4830-B4B6-C93090AC5294}.Debug|Any CPU.Build.0 = Debug|Any CPU
		{A95DE89B-5C14-4830-B4B6-C93090AC5294}.Release|Any CPU.ActiveCfg = Release|Any CPU
		{A95DE89B-5C14-4830-B4B6-C93090AC5294}.Release|Any CPU.Build.0 = Release|Any CPU
	EndGlobalSection
	GlobalSection(SolutionProperties) = preSolution
		HideSolutionNode = FALSE
	EndGlobalSection
	GlobalSection(ExtensibilityGlobals) = postSolution
		SolutionGuid = {238CA12A-F0DD-49E6-BBC0-DDE287046B49}
	EndGlobalSection
EndGlobal
